
Microsoft Visual Studio Solution File, Format Version 12.00
# Visual Studio 15
VisualStudioVersion = 15.0.33423.255
MinimumVisualStudioVersion = 10.0.40219.1
Project("{9A19103F-16F7-4668-BE54-9A1E7A4F7556}") = "TDSrv", "TDSrv\TDSrv.csproj", "{09F0A0C5-7D25-4469-B8AE-8B1E576782C0}"
EndProject
Global
	GlobalSection(SolutionConfigurationPlatforms) = preSolution
		Debug|Any CPU = Debug|Any CPU
		Release|Any CPU = Release|Any CPU
	EndGlobalSection
	GlobalSection(ProjectConfigurationPlatforms) = postSolution
		{09F0A0C5-7D25-4469-B8AE-8B1E576782C0}.Debug|Any CPU.ActiveCfg = Debug|Any CPU
		{09F0A0C5-7D25-4469-B8AE-8B1E576782C0}.Debug|Any CPU.Build.0 = Debug|Any CPU
		{09F0A0C5-7D25-4469-B8AE-8B1E576782C0}.Release|Any CPU.ActiveCfg = Release|Any CPU
		{09F0A0C5-7D25-4469-B8AE-8B1E576782C0}.Release|Any CPU.Build.0 = Release|Any CPU
	EndGlobalSection
	GlobalSection(SolutionProperties) = preSolution
		HideSolutionNode = FALSE
	EndGlobalSection
	GlobalSection(ExtensibilityGlobals) = postSolution
		SolutionGuid = {6EDBFDF4-C177-4BBF-9CBC-2301E2E2EE56}
	EndGlobalSection
EndGlobal
